
Microsoft Visual Studio Solution File, Format Version 12.00
# Visual Studio 15
VisualStudioVersion = 15.0.28307.902
MinimumVisualStudioVersion = 10.0.40219.1
Project("{8BC9CEB8-8B4A-11D0-8D11-00A0C91BC942}") = "SBD_Project_1", "SBD_Project_1\SBD_Project_1.vcxproj", "{8D88A2FE-D3A8-4CD0-B0B0-0547DB905548}"
EndProject
Global
	GlobalSection(SolutionConfigurationPlatforms) = preSolution
		Debug|x64 = Debug|x64
		Debug|x86 = Debug|x86
		Release|x64 = Release|x64
		Release|x86 = Release|x86
	EndGlobalSection
	GlobalSection(ProjectConfigurationPlatforms) = postSolution
		{8D88A2FE-D3A8-4CD0-B0B0-0547DB905548}.Debug|x64.ActiveCfg = Debug|x64
		{8D88A2FE-D3A8-4CD0-B0B0-0547DB905548}.Debug|x64.Build.0 = Debug|x64
		{8D88A2FE-D3A8-4CD0-B0B0-0547DB905548}.Debug|x86.ActiveCfg = Debug|Win32
		{8D88A2FE-D3A8-4CD0-B0B0-0547DB905548}.Debug|x86.Build.0 = Debug|Win32
		{8D88A2FE-D3A8-4CD0-B0B0-0547DB905548}.Release|x64.ActiveCfg = Release|x64
		{8D88A2FE-D3A8-4CD0-B0B0-0547DB905548}.Release|x64.Build.0 = Release|x64
		{8D88A2FE-D3A8-4CD0-B0B0-0547DB905548}.Release|x86.ActiveCfg = Release|Win32
		{8D88A2FE-D3A8-4CD0-B0B0-0547DB905548}.Release|x86.Build.0 = Release|Win32
	EndGlobalSection
	GlobalSection(SolutionProperties) = preSolution
		HideSolutionNode = FALSE
	EndGlobalSection
	GlobalSection(ExtensibilityGlobals) = postSolution
		SolutionGuid = {BE5045A0-CE3F-40E2-ABD6-E95865FBF1BF}
	EndGlobalSection
EndGlobal
